
Microsoft Visual Studio Solution File, Format Version 12.00
# Visual Studio Version 17
VisualStudioVersion = 17.3.32804.467
MinimumVisualStudioVersion = 10.0.40219.1
Project("{9A19103F-16F7-4668-BE54-9A1E7A4F7556}") = "AspNetSampleMvcApp", "AspNetSampleMvcApp\AspNetSampleMvcApp.csproj", "{2EADEEC4-B43A-4818-88C0-8613089D464B}"
EndProject
Project("{9A19103F-16F7-4668-BE54-9A1E7A4F7556}") = "AspNetSample.Core", "AspNetSample.Core\AspNetSample.Core.csproj", "{5C65F847-42A5-4E61-88A2-7FA8909A76F1}"
EndProject
Project("{9A19103F-16F7-4668-BE54-9A1E7A4F7556}") = "AspNetSample.Business", "AspNetSample.Business\AspNetSample.Business.csproj", "{3AADBD0E-9C20-41D8-B09F-5EC8A507823A}"
EndProject
Project("{9A19103F-16F7-4668-BE54-9A1E7A4F7556}") = "AspBetSample.DataBase", "AspBetSample.DataBase\AspBetSample.DataBase.csproj", "{C866403E-34D6-45C2-AA93-DD0A2F870E15}"
EndProject
Project("{9A19103F-16F7-4668-BE54-9A1E7A4F7556}") = "AspNetSample.Data.Repositories", "AspNetSample.Data.Repositoires\AspNetSample.Data.Repositories.csproj", "{4B3A5C4C-0831-40EF-8959-235454CF2915}"
EndProject
Project("{9A19103F-16F7-4668-BE54-9A1E7A4F7556}") = "AspNetSample.Data.Abstractions", "AspNetSample.Data.Abstractions\AspNetSample.Data.Abstractions.csproj", "{8F18BA77-B28B-4C50-BAE4-49A428F0DA21}"
EndProject
Project("{9A19103F-16F7-4668-BE54-9A1E7A4F7556}") = "AspNetSampleMvcWithIdentityApp", "AspNetSampleMvcWithIdentityApp\AspNetSampleMvcWithIdentityApp.csproj", "{3EB0F9EA-F87C-4867-9397-7D134BB72EE4}"
EndProject
Project("{FAE04EC0-301F-11D3-BF4B-00C04F79EFBC}") = "WebApplication1", "WebApplication1\WebApplication1.csproj", "{0BA18F4B-249A-4F7B-BC34-2C268A1467BE}"
EndProject
Project("{FAE04EC0-301F-11D3-BF4B-00C04F79EFBC}") = "WebApplication2", "WebApplication2\WebApplication2.csproj", "{6DD02795-0DD2-4D0B-9F50-EDDE7FC3D383}"
EndProject
Global
	GlobalSection(SolutionConfigurationPlatforms) = preSolution
		Debug|Any CPU = Debug|Any CPU
		Release|Any CPU = Release|Any CPU
	EndGlobalSection
	GlobalSection(ProjectConfigurationPlatforms) = postSolution
		{2EADEEC4-B43A-4818-88C0-8613089D464B}.Debug|Any CPU.ActiveCfg = Debug|Any CPU
		{2EADEEC4-B43A-4818-88C0-8613089D464B}.Debug|Any CPU.Build.0 = Debug|Any CPU
		{2EADEEC4-B43A-4818-88C0-8613089D464B}.Release|Any CPU.ActiveCfg = Release|Any CPU
		{2EADEEC4-B43A-4818-88C0-8613089D464B}.Release|Any CPU.Build.0 = Release|Any CPU
		{5C65F847-42A5-4E61-88A2-7FA8909A76F1}.Debug|Any CPU.ActiveCfg = Debug|Any CPU
		{5C65F847-42A5-4E61-88A2-7FA8909A76F1}.Debug|Any CPU.Build.0 = Debug|Any CPU
		{5C65F847-42A5-4E61-88A2-7FA8909A76F1}.Release|Any CPU.ActiveCfg = Release|Any CPU
		{5C65F847-42A5-4E61-88A2-7FA8909A76F1}.Release|Any CPU.Build.0 = Release|Any CPU
		{3AADBD0E-9C20-41D8-B09F-5EC8A507823A}.Debug|Any CPU.ActiveCfg = Debug|Any CPU
		{3AADBD0E-9C20-41D8-B09F-5EC8A507823A}.Debug|Any CPU.Build.0 = Debug|Any CPU
		{3AADBD0E-9C20-41D8-B09F-5EC8A507823A}.Release|Any CPU.ActiveCfg = Release|Any CPU
		{3AADBD0E-9C20-41D8-B09F-5EC8A507823A}.Release|Any CPU.Build.0 = Release|Any CPU
		{C866403E-34D6-45C2-AA93-DD0A2F870E15}.Debug|Any CPU.ActiveCfg = Debug|Any CPU
		{C866403E-34D6-45C2-AA93-DD0A2F870E15}.Debug|Any CPU.Build.0 = Debug|Any CPU
		{C866403E-34D6-45C2-AA93-DD0A2F870E15}.Release|Any CPU.ActiveCfg = Release|Any CPU
		{C866403E-34D6-45C2-AA93-DD0A2F870E15}.Release|Any CPU.Build.0 = Release|Any CPU
		{4B3A5C4C-0831-40EF-8959-235454CF2915}.Debug|Any CPU.ActiveCfg = Debug|Any CPU
		{4B3A5C4C-0831-40EF-8959-235454CF2915}.Debug|Any CPU.Build.0 = Debug|Any CPU
		{4B3A5C4C-0831-40EF-8959-235454CF2915}.Release|Any CPU.ActiveCfg = Release|Any CPU
		{4B3A5C4C-0831-40EF-8959-235454CF2915}.Release|Any CPU.Build.0 = Release|Any CPU
		{8F18BA77-B28B-4C50-BAE4-49A428F0DA21}.Debug|Any CPU.ActiveCfg = Debug|Any CPU
		{8F18BA77-B28B-4C50-BAE4-49A428F0DA21}.Debug|Any CPU.Build.0 = Debug|Any CPU
		{8F18BA77-B28B-4C50-BAE4-49A428F0DA21}.Release|Any CPU.ActiveCfg = Release|Any CPU
		{8F18BA77-B28B-4C50-BAE4-49A428F0DA21}.Release|Any CPU.Build.0 = Release|Any CPU
		{3EB0F9EA-F87C-4867-9397-7D134BB72EE4}.Debug|Any CPU.ActiveCfg = Debug|Any CPU
		{3EB0F9EA-F87C-4867-9397-7D134BB72EE4}.Debug|Any CPU.Build.0 = Debug|Any CPU
		{3EB0F9EA-F87C-4867-9397-7D134BB72EE4}.Release|Any CPU.ActiveCfg = Release|Any CPU
		{3EB0F9EA-F87C-4867-9397-7D134BB72EE4}.Release|Any CPU.Build.0 = Release|Any CPU
		{0BA18F4B-249A-4F7B-BC34-2C268A1467BE}.Debug|Any CPU.ActiveCfg = Debug|Any CPU
		{0BA18F4B-249A-4F7B-BC34-2C268A1467BE}.Debug|Any CPU.Build.0 = Debug|Any CPU
		{0BA18F4B-249A-4F7B-BC34-2C268A1467BE}.Release|Any CPU.ActiveCfg = Release|Any CPU
		{0BA18F4B-249A-4F7B-BC34-2C268A1467BE}.Release|Any CPU.Build.0 = Release|Any CPU
		{6DD02795-0DD2-4D0B-9F50-EDDE7FC3D383}.Debug|Any CPU.ActiveCfg = Debug|Any CPU
		{6DD02795-0DD2-4D0B-9F50-EDDE7FC3D383}.Debug|Any CPU.Build.0 = Debug|Any CPU
		{6DD02795-0DD2-4D0B-9F50-EDDE7FC3D383}.Release|Any CPU.ActiveCfg = Release|Any CPU
		{6DD02795-0DD2-4D0B-9F50-EDDE7FC3D383}.Release|Any CPU.Build.0 = Release|Any CPU
	EndGlobalSection
	GlobalSection(SolutionProperties) = preSolution
		HideSolutionNode = FALSE
	EndGlobalSection
	GlobalSection(ExtensibilityGlobals) = postSolution
		SolutionGuid = {7605FA39-6002-4B4F-A85A-0FD30890D1B9}
	EndGlobalSection
EndGlobal
